// !$*UTF8*$!
{
	archiveVersion = 1;
	classes = {
	};
	objectVersion = 46;
	objects = {

/* Begin PBXBuildFile section */
		D83B67B21E71FF19005E0364 /* AppDelegate.swift in Sources */ = {isa = PBXBuildFile; fileRef = D83B67B11E71FF19005E0364 /* AppDelegate.swift */; };
		D83B67B41E71FF1A005E0364 /* ViewController.swift in Sources */ = {isa = PBXBuildFile; fileRef = D83B67B31E71FF1A005E0364 /* ViewController.swift */; };
		D83B67B71E71FF1A005E0364 /* Main.storyboard in Resources */ = {isa = PBXBuildFile; fileRef = D83B67B51E71FF1A005E0364 /* Main.storyboard */; };
		D83B67B91E71FF1A005E0364 /* Assets.xcassets in Resources */ = {isa = PBXBuildFile; fileRef = D83B67B81E71FF1A005E0364 /* Assets.xcassets */; };
		D83B67BC1E71FF1A005E0364 /* LaunchScreen.storyboard in Resources */ = {isa = PBXBuildFile; fileRef = D83B67BA1E71FF1A005E0364 /* LaunchScreen.storyboard */; };
/* End PBXBuildFile section */

/* Begin PBXFileReference section */
		D83B67AE1E71FF19005E0364 /* Checklists5.app */ = {isa = PBXFileReference; explicitFileType = wrapper.application; includeInIndex = 0; path = Checklists5.app; sourceTree = BUILT_PRODUCTS_DIR; };
		D83B67B11E71FF19005E0364 /* AppDelegate.swift */ = {isa = PBXFileReference; lastKnownFileType = sourcecode.swift; path = AppDelegate.swift; sourceTree = "<group>"; };
		D83B67B31E71FF1A005E0364 /* ViewController.swift */ = {isa = PBXFileReference; lastKnownFileType = sourcecode.swift; path = ViewController.swift; sourceTree = "<group>"; };
		D83B67B61E71FF1A005E0364 /* Base */ = {isa = PBXFileReference; lastKnownFileType = file.storyboard; name = Base; path = Base.lproj/Main.storyboard; sourceTree = "<group>"; };
		D83B67B81E71FF1A005E0364 /* Assets.xcassets */ = {isa = PBXFileReference; lastKnownFileType = folder.assetcatalog; path = Assets.xcassets; sourceTree = "<group>"; };
		D83B67BB1E71FF1A005E0364 /* Base */ = {isa = PBXFileReference; lastKnownFileType = file.storyboard; name = Base; path = Base.lproj/LaunchScreen.storyboard; sourceTree = "<group>"; };
		D83B67BD1E71FF1A005E0364 /* Info.plist */ = {isa = PBXFileReference; lastKnownFileType = text.plist.xml; path = Info.plist; sourceTree = "<group>"; };
/* End PBXFileReference section */

/* Begin PBXFrameworksBuildPhase section */
		D83B67AB1E71FF19005E0364 /* Frameworks */ = {
			isa = PBXFrameworksBuildPhase;
			buildActionMask = 2147483647;
			files = (
			);
			runOnlyForDeploymentPostprocessing = 0;
		};
/* End PBXFrameworksBuildPhase section */

/* Begin PBXGroup section */
		D83B67A51E71FF19005E0364 = {
			isa = PBXGroup;
			children = (
				D83B67B01E71FF19005E0364 /* Checklists5 */,
				D83B67AF1E71FF19005E0364 /* Products */,
			);
			sourceTree = "<group>";
		};
		D83B67AF1E71FF19005E0364 /* Products */ = {
			isa = PBXGroup;
			children = (
				D83B67AE1E71FF19005E0364 /* Checklists5.app */,
			);
			name = Products;
			sourceTree = "<group>";
		};
		D83B67B01E71FF19005E0364 /* Checklists5 */ = {
			isa = PBXGroup;
			children = (
				D83B67B11E71FF19005E0364 /* AppDelegate.swift */,
				D83B67B31E71FF1A005E0364 /* ViewController.swift */,
				D83B67B51E71FF1A005E0364 /* Main.storyboard */,
				D83B67B81E71FF1A005E0364 /* Assets.xcassets */,
				D83B67BA1E71FF1A005E0364 /* LaunchScreen.storyboard */,
				D83B67BD1E71FF1A005E0364 /* Info.plist */,
			);
			path = Checklists5;
			sourceTree = "<group>";
		};
/* End PBXGroup section */

/* Begin PBXNativeTarget section */
		D83B67AD1E71FF19005E0364 /* Checklists5 */ = {
			isa = PBXNativeTarget;
			buildConfigurationList = D83B67C01E71FF1A005E0364 /* Build configuration list for PBXNativeTarget "Checklists5" */;
			buildPhases = (
				D83B67AA1E71FF19005E0364 /* Sources */,
				D83B67AB1E71FF19005E0364 /* Frameworks */,
				D83B67AC1E71FF19005E0364 /* Resources */,
			);
			buildRules = (
			);
			dependencies = (
			);
			name = Checklists5;
			productName = Checklists5;
			productReference = D83B67AE1E71FF19005E0364 /* Checklists5.app */;
			productType = "com.apple.product-type.application";
		};
/* End PBXNativeTarget section */

/* Begin PBXProject section */
		D83B67A61E71FF19005E0364 /* Project object */ = {
			isa = PBXProject;
			attributes = {
				LastSwiftUpdateCheck = 0810;
				LastUpgradeCheck = 0810;
				ORGANIZATIONNAME = "Joe Lucero";
				TargetAttributes = {
					D83B67AD1E71FF19005E0364 = {
						CreatedOnToolsVersion = 8.1;
						DevelopmentTeam = 53BVAZ8K9G;
						ProvisioningStyle = Automatic;
					};
				};
			};
			buildConfigurationList = D83B67A91E71FF19005E0364 /* Build configuration list for PBXProject "Checklists5" */;
			compatibilityVersion = "Xcode 3.2";
			developmentRegion = English;
			hasScannedForEncodings = 0;
			knownRegions = (
				en,
				Base,
			);
			mainGroup = D83B67A51E71FF19005E0364;
			productRefGroup = D83B67AF1E71FF19005E0364 /* Products */;
			projectDirPath = "";
			projectRoot = "";
			targets = (
				D83B67AD1E71FF19005E0364 /* Checklists5 */,
			);
		};
/* End PBXProject section */

/* Begin PBXResourcesBuildPhase section */
		D83B67AC1E71FF19005E0364 /* Resources */ = {
			isa = PBXResourcesBuildPhase;
			buildActionMask = 2147483647;
			files = (
				D83B67BC1E71FF1A005E0364 /* LaunchScreen.storyboard in Resources */,
				D83B67B91E71FF1A005E0364 /* Assets.xcassets in Resources */,
				D83B67B71E71FF1A005E0364 /* Main.storyboard in Resources */,
			);
			runOnlyForDeploymentPostprocessing = 0;
		};
/* End PBXResourcesBuildPhase section */

/* Begin PBXSourcesBuildPhase section */
		D83B67AA1E71FF19005E0364 /* Sources */ = {
			isa = PBXSourcesBuildPhase;
			buildActionMask = 2147483647;
			files = (
				D83B67B41E71FF1A005E0364 /* ViewController.swift in Sources */,
				D83B67B21E71FF19005E0364 /* AppDelegate.swift in Sources */,
			);
			runOnlyForDeploymentPostprocessing = 0;
		};
/* End PBXSourcesBuildPhase section */

/* Begin PBXVariantGroup section */
		D83B67B51E71FF1A005E0364 /* Main.storyboard */ = {
			isa = PBXVariantGroup;
			children = (
				D83B67B61E71FF1A005E0364 /* Base */,
			);
			name = Main.storyboard;
			sourceTree = "<group>";
		};
		D83B67BA1E71FF1A005E0364 /* LaunchScreen.storyboard */ = {
			isa = PBXVariantGroup;
			children = (
				D83B67BB1E71FF1A005E0364 /* Base */,
			);
			name = LaunchScreen.storyboard;
			sourceTree = "<group>";
		};
/* End PBXVariantGroup section */

/* Begin XCBuildConfiguration section */
		D83B67BE1E71FF1A005E0364 /* Debug */ = {
			isa = XCBuildConfiguration;
			buildSettings = {
				ALWAYS_SEARCH_USER_PATHS = NO;
				CLANG_ANALYZER_NONNULL = YES;
				CLANG_CXX_LANGUAGE_STANDARD = "gnu++0x";
				CLANG_CXX_LIBRARY = "libc++";
				CLANG_ENABLE_MODULES = YES;
				CLANG_ENABLE_OBJC_ARC = YES;
				CLANG_WARN_BOOL_CONVERSION = YES;
				CLANG_WARN_CONSTANT_CONVERSION = YES;
				CLANG_WARN_DIRECT_OBJC_ISA_USAGE = YES_ERROR;
				CLANG_WARN_DOCUMENTATION_COMMENTS = YES;
				CLANG_WARN_EMPTY_BODY = YES;
				CLANG_WARN_ENUM_CONVERSION = YES;
				CLANG_WARN_INFINITE_RECURSION = YES;
				CLANG_WARN_INT_CONVERSION = YES;
				CLANG_WARN_OBJC_ROOT_CLASS = YES_ERROR;
				CLANG_WARN_SUSPICIOUS_MOVES = YES;
				CLANG_WARN_UNREACHABLE_CODE = YES;
				CLANG_WARN__DUPLICATE_METHOD_MATCH = YES;
				"CODE_SIGN_IDENTITY[sdk=iphoneos*]" = "iPhone Developer";
				COPY_PHASE_STRIP = NO;
				DEBUG_INFORMATION_FORMAT = dwarf;
				ENABLE_STRICT_OBJC_MSGSEND = YES;
				ENABLE_TESTABILITY = YES;
				GCC_C_LANGUAGE_STANDARD = gnu99;
				GCC_DYNAMIC_NO_PIC = NO;
				GCC_NO_COMMON_BLOCKS = YES;
				GCC_OPTIMIZATION_LEVEL = 0;
				GCC_PREPROCESSOR_DEFINITIONS = (
					"DEBUG=1",
					"$(inherited)",
				);
				GCC_WARN_64_TO_32_BIT_CONVERSION = YES;
				GCC_WARN_ABOUT_RETURN_TYPE = YES_ERROR;
				GCC_WARN_UNDECLARED_SELECTOR = YES;
				GCC_WARN_UNINITIALIZED_AUTOS = YES_AGGRESSIVE;
				GCC_WARN_UNUSED_FUNCTION = YES;
				GCC_WARN_UNUSED_VARIABLE = YES;
				IPHONEOS_DEPLOYMENT_TARGET = 10.1;
				MTL_ENABLE_DEBUG_INFO = YES;
				ONLY_ACTIVE_ARCH = YES;
				SDKROOT = iphoneos;
				SWIFT_ACTIVE_COMPILATION_CONDITIONS = DEBUG;
				SWIFT_OPTIMIZATION_LEVEL = "-Onone";
			};
			name = Debug;
		};
		D83B67BF1E71FF1A005E0364 /* Release */ = {
			isa = XCBuildConfiguration;
			buildSettings = {
				ALWAYS_SEARCH_USER_PATHS = NO;
				CLANG_ANALYZER_NONNULL = YES;
				CLANG_CXX_LANGUAGE_STANDARD = "gnu++0x";
				CLANG_CXX_LIBRARY = "libc++";
				CLANG_ENABLE_MODULES = YES;
				CLANG_ENABLE_OBJC_ARC = YES;
				CLANG_WARN_BOOL_CONVERSION = YES;
				CLANG_WARN_CONSTANT_CONVERSION = YES;
				CLANG_WARN_DIRECT_OBJC_ISA_USAGE = YES_ERROR;
				CLANG_WARN_DOCUMENTATION_COMMENTS = YES;
				CLANG_WARN_EMPTY_BODY = YES;
				CLANG_WARN_ENUM_CONVERSION = YES;
				CLANG_WARN_INFINITE_RECURSION = YES;
				CLANG_WARN_INT_CONVERSION = YES;
				CLANG_WARN_OBJC_ROOT_CLASS = YES_ERROR;
				CLANG_WARN_SUSPICIOUS_MOVES = YES;
				CLANG_WARN_UNREACHABLE_CODE = YES;
				CLANG_WARN__DUPLICATE_METHOD_MATCH = YES;
				"CODE_SIGN_IDENTITY[sdk=iphoneos*]" = "iPhone Developer";
				COPY_PHASE_STRIP = NO;
				DEBUG_INFORMATION_FORMAT = "dwarf-with-dsym";
				ENABLE_NS_ASSERTIONS = NO;
				ENABLE_STRICT_OBJC_MSGSEND = YES;
				GCC_C_LANGUAGE_STANDARD = gnu99;
				GCC_NO_COMMON_BLOCKS = YES;
				GCC_WARN_64_TO_32_BIT_CONVERSION = YES;
				GCC_WARN_ABOUT_RETURN_TYPE = YES_ERROR;
				GCC_WARN_UNDECLARED_SELECTOR = YES;
				GCC_WARN_UNINITIALIZED_AUTOS = YES_AGGRESSIVE;
				GCC_WARN_UNUSED_FUNCTION = YES;
				GCC_WARN_UNUSED_VARIABLE = YES;
				IPHONEOS_DEPLOYMENT_TARGET = 10.1;
				MTL_ENABLE_DEBUG_INFO = NO;
				SDKROOT = iphoneos;
				SWIFT_OPTIMIZATION_LEVEL = "-Owholemodule";
				VALIDATE_PRODUCT = YES;
			};
			name = Release;
		};
		D83B67C11E71FF1A005E0364 /* Debug */ = {
			isa = XCBuildConfiguration;
			buildSettings = {
				ASSETCATALOG_COMPILER_APPICON_NAME = AppIcon;
				DEVELOPMENT_TEAM = 53BVAZ8K9G;
				INFOPLIST_FILE = Checklists5/Info.plist;
				LD_RUNPATH_SEARCH_PATHS = "$(inherited) @executable_path/Frameworks";
				PRODUCT_BUNDLE_IDENTIFIER = com.iOSDevelopr.Checklists5;
				PRODUCT_NAME = "$(TARGET_NAME)";
				SWIFT_VERSION = 3.0;
			};
			name = Debug;
		};
		D83B67C21E71FF1A005E0364 /* Release */ = {
			isa = XCBuildConfiguration;
			buildSettings = {
				ASSETCATALOG_COMPILER_APPICON_NAME = AppIcon;
				DEVELOPMENT_TEAM = 53BVAZ8K9G;
				INFOPLIST_FILE = Checklists5/Info.plist;
				LD_RUNPATH_SEARCH_PATHS = "$(inherited) @executable_path/Frameworks";
				PRODUCT_BUNDLE_IDENTIFIER = com.iOSDevelopr.Checklists5;
				PRODUCT_NAME = "$(TARGET_NAME)";
				SWIFT_VERSION = 3.0;
			};
			name = Release;
		};
/* End XCBuildConfiguration section */

/* Begin XCConfigurationList section */
		D83B67A91E71FF19005E0364 /* Build configuration list for PBXProject "Checklists5" */ = {
			isa = XCConfigurationList;
			buildConfigurations = (
				D83B67BE1E71FF1A005E0364 /* Debug */,
				D83B67BF1E71FF1A005E0364 /* Release */,
			);
			defaultConfigurationIsVisible = 0;
			defaultConfigurationName = Release;
		};
		D83B67C01E71FF1A005E0364 /* Build configuration list for PBXNativeTarget "Checklists5" */ = {
			isa = XCConfigurationList;
			buildConfigurations = (
				D83B67C11E71FF1A005E0364 /* Debug */,
				D83B67C21E71FF1A005E0364 /* Release */,
			);
			defaultConfigurationIsVisible = 0;
		};
/* End XCConfigurationList section */
	};
	rootObject = D83B67A61E71FF19005E0364 /* Project object */;
}
